// !$*UTF8*$!
{
	archiveVersion = 1;
	classes = {
	};
	objectVersion = 46;
	objects = {

/* Begin PBXBuildFile section */
		1D5E10B7D5EC72DEB08B2B89 /* libPods-BodyTrack.a in Frameworks */ = {isa = PBXBuildFile; fileRef = 44119826BA0C336DA7D406DF /* libPods-BodyTrack.a */; };
		7E115F181B2CECD4002F443A /* AppDelegate.swift in Sources */ = {isa = PBXBuildFile; fileRef = 7E115F171B2CECD4002F443A /* AppDelegate.swift */; };
		7E115F1B1B2CECD4002F443A /* BodyTrack.xcdatamodeld in Sources */ = {isa = PBXBuildFile; fileRef = 7E115F191B2CECD4002F443A /* BodyTrack.xcdatamodeld */; };
		7E115F221B2CECD4002F443A /* Images.xcassets in Resources */ = {isa = PBXBuildFile; fileRef = 7E115F211B2CECD4002F443A /* Images.xcassets */; };
		7E115F251B2CECD4002F443A /* LaunchScreen.xib in Resources */ = {isa = PBXBuildFile; fileRef = 7E115F231B2CECD4002F443A /* LaunchScreen.xib */; };
		7E115F311B2CECD4002F443A /* BodyTrackTests.swift in Sources */ = {isa = PBXBuildFile; fileRef = 7E115F301B2CECD4002F443A /* BodyTrackTests.swift */; };
		7E115F3B1B2CECE6002F443A /* Main.storyboard in Resources */ = {isa = PBXBuildFile; fileRef = 7E115F3A1B2CECE6002F443A /* Main.storyboard */; };
		7E2ECF5F1B3357DC004F2033 /* ImagePickerControllerHelper.swift in Sources */ = {isa = PBXBuildFile; fileRef = 7E2ECF5E1B3357DC004F2033 /* ImagePickerControllerHelper.swift */; };
		7E2ECF611B335CE1004F2033 /* ProgressPointCollectionViewHelper.swift in Sources */ = {isa = PBXBuildFile; fileRef = 7E2ECF601B335CE1004F2033 /* ProgressPointCollectionViewHelper.swift */; };
		7E2ECF631B33637B004F2033 /* ProgressPointCollectionViewCell.swift in Sources */ = {isa = PBXBuildFile; fileRef = 7E2ECF621B33637B004F2033 /* ProgressPointCollectionViewCell.swift */; };
		7EC64C261B2DB1DA001B2CBE /* MenuTableViewController.swift in Sources */ = {isa = PBXBuildFile; fileRef = 7EC64C251B2DB1DA001B2CBE /* MenuTableViewController.swift */; };
		7EC64C281B2DB9D3001B2CBE /* PhotoSelectionCollectionViewController.swift in Sources */ = {isa = PBXBuildFile; fileRef = 7EC64C271B2DB9D3001B2CBE /* PhotoSelectionCollectionViewController.swift */; };
		7EDA17CC1B37292E00BA915D /* DatePickerViewController.swift in Sources */ = {isa = PBXBuildFile; fileRef = 7EDA17CB1B37292E00BA915D /* DatePickerViewController.swift */; };
		88110DDB1B4FCBC600B66002 /* NotificationFactory.swift in Sources */ = {isa = PBXBuildFile; fileRef = 88110DDA1B4FCBC600B66002 /* NotificationFactory.swift */; };
		88110DE41B4FCEC200B66002 /* ProgressPoint.m in Sources */ = {isa = PBXBuildFile; fileRef = 88110DE31B4FCEC200B66002 /* ProgressPoint.m */; };
		88110DE71B4FCEC200B66002 /* ProgressCollection.m in Sources */ = {isa = PBXBuildFile; fileRef = 88110DE61B4FCEC200B66002 /* ProgressCollection.m */; };
		88110DE91B4FDDBC00B66002 /* ProgressCollectionHelper.swift in Sources */ = {isa = PBXBuildFile; fileRef = 88110DE81B4FDDBC00B66002 /* ProgressCollectionHelper.swift */; };
		88111E8A1B3DA3D800C8B45E /* CompareOverlayViewController.swift in Sources */ = {isa = PBXBuildFile; fileRef = 88111E891B3DA3D800C8B45E /* CompareOverlayViewController.swift */; };
		8877E9521B3C10DF000E9054 /* EditProgressCollectionViewController.swift in Sources */ = {isa = PBXBuildFile; fileRef = 8877E9511B3C10DF000E9054 /* EditProgressCollectionViewController.swift */; };
		88BAA97D1B46D54D00368C34 /* UIImage-helper.swift in Sources */ = {isa = PBXBuildFile; fileRef = 88BAA97C1B46D54D00368C34 /* UIImage-helper.swift */; };
		88DF6BFD1B3441A000E07033 /* ProgressPointDetailTableViewController.swift in Sources */ = {isa = PBXBuildFile; fileRef = 88DF6BFC1B3441A000E07033 /* ProgressPointDetailTableViewController.swift */; };
		88DF6C061B345D2400E07033 /* ProgressPointHelper.swift in Sources */ = {isa = PBXBuildFile; fileRef = 88DF6C051B345D2400E07033 /* ProgressPointHelper.swift */; };
		88DF6C081B347BEB00E07033 /* UIColor-helper.swift in Sources */ = {isa = PBXBuildFile; fileRef = 88DF6C071B347BEB00E07033 /* UIColor-helper.swift */; };
		88F170B41B45410900C89671 /* CompareTabViewController.swift in Sources */ = {isa = PBXBuildFile; fileRef = 88F170B31B45410900C89671 /* CompareTabViewController.swift */; };
		88F170B61B45455900C89671 /* TopBottomCompareViewController.swift in Sources */ = {isa = PBXBuildFile; fileRef = 88F170B51B45455900C89671 /* TopBottomCompareViewController.swift */; };
		F10F2CF2C1D58F2D0B21C00A /* libPods-BodyTrackTests.a in Frameworks */ = {isa = PBXBuildFile; fileRef = 6275E2E04AB122A326948C70 /* libPods-BodyTrackTests.a */; };
/* End PBXBuildFile section */

/* Begin PBXContainerItemProxy section */
		7E115F2B1B2CECD4002F443A /* PBXContainerItemProxy */ = {
			isa = PBXContainerItemProxy;
			containerPortal = 7E115F0A1B2CECD4002F443A /* Project object */;
			proxyType = 1;
			remoteGlobalIDString = 7E115F111B2CECD4002F443A;
			remoteInfo = BodyTrack;
		};
/* End PBXContainerItemProxy section */

/* Begin PBXFileReference section */
		1078676C70E32C4C7385636B /* Pods-BodyTrack.debug.xcconfig */ = {isa = PBXFileReference; includeInIndex = 1; lastKnownFileType = text.xcconfig; name = "Pods-BodyTrack.debug.xcconfig"; path = "Pods/Target Support Files/Pods-BodyTrack/Pods-BodyTrack.debug.xcconfig"; sourceTree = "<group>"; };
		3ACB2747C005CE6DA43C41BD /* Pods-BodyTrackTests.debug.xcconfig */ = {isa = PBXFileReference; includeInIndex = 1; lastKnownFileType = text.xcconfig; name = "Pods-BodyTrackTests.debug.xcconfig"; path = "Pods/Target Support Files/Pods-BodyTrackTests/Pods-BodyTrackTests.debug.xcconfig"; sourceTree = "<group>"; };
		44119826BA0C336DA7D406DF /* libPods-BodyTrack.a */ = {isa = PBXFileReference; explicitFileType = archive.ar; includeInIndex = 0; path = "libPods-BodyTrack.a"; sourceTree = BUILT_PRODUCTS_DIR; };
		6275E2E04AB122A326948C70 /* libPods-BodyTrackTests.a */ = {isa = PBXFileReference; explicitFileType = archive.ar; includeInIndex = 0; path = "libPods-BodyTrackTests.a"; sourceTree = BUILT_PRODUCTS_DIR; };
		7E115F121B2CECD4002F443A /* BodyTrack.app */ = {isa = PBXFileReference; explicitFileType = wrapper.application; includeInIndex = 0; path = BodyTrack.app; sourceTree = BUILT_PRODUCTS_DIR; };
		7E115F161B2CECD4002F443A /* Info.plist */ = {isa = PBXFileReference; lastKnownFileType = text.plist.xml; path = Info.plist; sourceTree = "<group>"; };
		7E115F171B2CECD4002F443A /* AppDelegate.swift */ = {isa = PBXFileReference; lastKnownFileType = sourcecode.swift; path = AppDelegate.swift; sourceTree = "<group>"; };
		7E115F1A1B2CECD4002F443A /* BodyTrack.xcdatamodel */ = {isa = PBXFileReference; lastKnownFileType = wrapper.xcdatamodel; path = BodyTrack.xcdatamodel; sourceTree = "<group>"; };
		7E115F211B2CECD4002F443A /* Images.xcassets */ = {isa = PBXFileReference; lastKnownFileType = folder.assetcatalog; path = Images.xcassets; sourceTree = "<group>"; };
		7E115F241B2CECD4002F443A /* Base */ = {isa = PBXFileReference; lastKnownFileType = file.xib; name = Base; path = Base.lproj/LaunchScreen.xib; sourceTree = "<group>"; };
		7E115F2A1B2CECD4002F443A /* BodyTrackTests.xctest */ = {isa = PBXFileReference; explicitFileType = wrapper.cfbundle; includeInIndex = 0; path = BodyTrackTests.xctest; sourceTree = BUILT_PRODUCTS_DIR; };
		7E115F2F1B2CECD4002F443A /* Info.plist */ = {isa = PBXFileReference; lastKnownFileType = text.plist.xml; path = Info.plist; sourceTree = "<group>"; };
		7E115F301B2CECD4002F443A /* BodyTrackTests.swift */ = {isa = PBXFileReference; lastKnownFileType = sourcecode.swift; path = BodyTrackTests.swift; sourceTree = "<group>"; };
		7E115F3A1B2CECE6002F443A /* Main.storyboard */ = {isa = PBXFileReference; fileEncoding = 4; lastKnownFileType = file.storyboard; path = Main.storyboard; sourceTree = "<group>"; };
		7E115F3E1B2CF568002F443A /* BodyTrack-Bridging-Header.h */ = {isa = PBXFileReference; lastKnownFileType = sourcecode.c.h; name = "BodyTrack-Bridging-Header.h"; path = "BodyTrack/BodyTrack-Bridging-Header.h"; sourceTree = "<group>"; };
		7E2ECF5E1B3357DC004F2033 /* ImagePickerControllerHelper.swift */ = {isa = PBXFileReference; fileEncoding = 4; lastKnownFileType = sourcecode.swift; name = ImagePickerControllerHelper.swift; path = Helpers/ImagePickerControllerHelper.swift; sourceTree = "<group>"; };
		7E2ECF601B335CE1004F2033 /* ProgressPointCollectionViewHelper.swift */ = {isa = PBXFileReference; fileEncoding = 4; lastKnownFileType = sourcecode.swift; name = ProgressPointCollectionViewHelper.swift; path = Helpers/ProgressPointCollectionViewHelper.swift; sourceTree = "<group>"; };
		7E2ECF621B33637B004F2033 /* ProgressPointCollectionViewCell.swift */ = {isa = PBXFileReference; fileEncoding = 4; lastKnownFileType = sourcecode.swift; name = ProgressPointCollectionViewCell.swift; path = View/ProgressPointCollectionViewCell.swift; sourceTree = "<group>"; };
		7EC64C251B2DB1DA001B2CBE /* MenuTableViewController.swift */ = {isa = PBXFileReference; fileEncoding = 4; lastKnownFileType = sourcecode.swift; name = MenuTableViewController.swift; path = Controllers/MenuTableViewController.swift; sourceTree = "<group>"; };
		7EC64C271B2DB9D3001B2CBE /* PhotoSelectionCollectionViewController.swift */ = {isa = PBXFileReference; fileEncoding = 4; lastKnownFileType = sourcecode.swift; name = PhotoSelectionCollectionViewController.swift; path = Controllers/PhotoSelectionCollectionViewController.swift; sourceTree = "<group>"; };
		7EDA17CB1B37292E00BA915D /* DatePickerViewController.swift */ = {isa = PBXFileReference; fileEncoding = 4; lastKnownFileType = sourcecode.swift; name = DatePickerViewController.swift; path = Controllers/DatePickerViewController.swift; sourceTree = "<group>"; };
		88110DDA1B4FCBC600B66002 /* NotificationFactory.swift */ = {isa = PBXFileReference; fileEncoding = 4; lastKnownFileType = sourcecode.swift; name = NotificationFactory.swift; path = Helpers/NotificationFactory.swift; sourceTree = "<group>"; };
		88110DE21B4FCEC200B66002 /* ProgressPoint.h */ = {isa = PBXFileReference; fileEncoding = 4; lastKnownFileType = sourcecode.c.h; name = ProgressPoint.h; path = model/ProgressPoint.h; sourceTree = "<group>"; };
		88110DE31B4FCEC200B66002 /* ProgressPoint.m */ = {isa = PBXFileReference; fileEncoding = 4; lastKnownFileType = sourcecode.c.objc; name = ProgressPoint.m; path = model/ProgressPoint.m; sourceTree = "<group>"; };
		88110DE51B4FCEC200B66002 /* ProgressCollection.h */ = {isa = PBXFileReference; fileEncoding = 4; lastKnownFileType = sourcecode.c.h; name = ProgressCollection.h; path = model/ProgressCollection.h; sourceTree = "<group>"; };
		88110DE61B4FCEC200B66002 /* ProgressCollection.m */ = {isa = PBXFileReference; fileEncoding = 4; lastKnownFileType = sourcecode.c.objc; name = ProgressCollection.m; path = model/ProgressCollection.m; sourceTree = "<group>"; };
		88110DE81B4FDDBC00B66002 /* ProgressCollectionHelper.swift */ = {isa = PBXFileReference; fileEncoding = 4; lastKnownFileType = sourcecode.swift; name = ProgressCollectionHelper.swift; path = Helpers/ProgressCollectionHelper.swift; sourceTree = "<group>"; };
		88111E891B3DA3D800C8B45E /* CompareOverlayViewController.swift */ = {isa = PBXFileReference; fileEncoding = 4; lastKnownFileType = sourcecode.swift; name = CompareOverlayViewController.swift; path = Controllers/CompareOverlayViewController.swift; sourceTree = "<group>"; };
		8877E9511B3C10DF000E9054 /* EditProgressCollectionViewController.swift */ = {isa = PBXFileReference; fileEncoding = 4; lastKnownFileType = sourcecode.swift; name = EditProgressCollectionViewController.swift; path = Controllers/EditProgressCollectionViewController.swift; sourceTree = "<group>"; };
		88BAA97C1B46D54D00368C34 /* UIImage-helper.swift */ = {isa = PBXFileReference; fileEncoding = 4; lastKnownFileType = sourcecode.swift; path = "UIImage-helper.swift"; sourceTree = "<group>"; };
		88DF6BFC1B3441A000E07033 /* ProgressPointDetailTableViewController.swift */ = {isa = PBXFileReference; fileEncoding = 4; lastKnownFileType = sourcecode.swift; name = ProgressPointDetailTableViewController.swift; path = Controllers/ProgressPointDetailTableViewController.swift; sourceTree = "<group>"; };
		88DF6C051B345D2400E07033 /* ProgressPointHelper.swift */ = {isa = PBXFileReference; fileEncoding = 4; lastKnownFileType = sourcecode.swift; path = ProgressPointHelper.swift; sourceTree = "<group>"; };
		88DF6C071B347BEB00E07033 /* UIColor-helper.swift */ = {isa = PBXFileReference; fileEncoding = 4; lastKnownFileType = sourcecode.swift; name = "UIColor-helper.swift"; path = "Helpers/UIColor-helper.swift"; sourceTree = "<group>"; };
		88F170B31B45410900C89671 /* CompareTabViewController.swift */ = {isa = PBXFileReference; fileEncoding = 4; lastKnownFileType = sourcecode.swift; name = CompareTabViewController.swift; path = Controllers/CompareTabViewController.swift; sourceTree = "<group>"; };
		88F170B51B45455900C89671 /* TopBottomCompareViewController.swift */ = {isa = PBXFileReference; fileEncoding = 4; lastKnownFileType = sourcecode.swift; path = TopBottomCompareViewController.swift; sourceTree = "<group>"; };
		910C333006061E4CA5253E16 /* Pods-BodyTrackTests.release.xcconfig */ = {isa = PBXFileReference; includeInIndex = 1; lastKnownFileType = text.xcconfig; name = "Pods-BodyTrackTests.release.xcconfig"; path = "Pods/Target Support Files/Pods-BodyTrackTests/Pods-BodyTrackTests.release.xcconfig"; sourceTree = "<group>"; };
		C1C8807263060FEDFC7E5572 /* Pods-BodyTrack.release.xcconfig */ = {isa = PBXFileReference; includeInIndex = 1; lastKnownFileType = text.xcconfig; name = "Pods-BodyTrack.release.xcconfig"; path = "Pods/Target Support Files/Pods-BodyTrack/Pods-BodyTrack.release.xcconfig"; sourceTree = "<group>"; };
/* End PBXFileReference section */

/* Begin PBXFrameworksBuildPhase section */
		7E115F0F1B2CECD4002F443A /* Frameworks */ = {
			isa = PBXFrameworksBuildPhase;
			buildActionMask = 2147483647;
			files = (
				1D5E10B7D5EC72DEB08B2B89 /* libPods-BodyTrack.a in Frameworks */,
			);
			runOnlyForDeploymentPostprocessing = 0;
		};
		7E115F271B2CECD4002F443A /* Frameworks */ = {
			isa = PBXFrameworksBuildPhase;
			buildActionMask = 2147483647;
			files = (
				F10F2CF2C1D58F2D0B21C00A /* libPods-BodyTrackTests.a in Frameworks */,
			);
			runOnlyForDeploymentPostprocessing = 0;
		};
/* End PBXFrameworksBuildPhase section */

/* Begin PBXGroup section */
		4956C6D086FCD323C88B7984 /* Pods */ = {
			isa = PBXGroup;
			children = (
				1078676C70E32C4C7385636B /* Pods-BodyTrack.debug.xcconfig */,
				C1C8807263060FEDFC7E5572 /* Pods-BodyTrack.release.xcconfig */,
				3ACB2747C005CE6DA43C41BD /* Pods-BodyTrackTests.debug.xcconfig */,
				910C333006061E4CA5253E16 /* Pods-BodyTrackTests.release.xcconfig */,
			);
			name = Pods;
			sourceTree = "<group>";
		};
		7E115F091B2CECD4002F443A = {
			isa = PBXGroup;
			children = (
				7E115F3E1B2CF568002F443A /* BodyTrack-Bridging-Header.h */,
				7E115F141B2CECD4002F443A /* BodyTrack */,
				7E115F2D1B2CECD4002F443A /* BodyTrackTests */,
				7E115F131B2CECD4002F443A /* Products */,
				4956C6D086FCD323C88B7984 /* Pods */,
				C963F9DC98A3BC9686E5CEF0 /* Frameworks */,
			);
			sourceTree = "<group>";
		};
		7E115F131B2CECD4002F443A /* Products */ = {
			isa = PBXGroup;
			children = (
				7E115F121B2CECD4002F443A /* BodyTrack.app */,
				7E115F2A1B2CECD4002F443A /* BodyTrackTests.xctest */,
			);
			name = Products;
			sourceTree = "<group>";
		};
		7E115F141B2CECD4002F443A /* BodyTrack */ = {
			isa = PBXGroup;
			children = (
				7E115F171B2CECD4002F443A /* AppDelegate.swift */,
				7EC64C241B2DB18E001B2CBE /* Controller */,
				7EC64C231B2DB183001B2CBE /* View */,
				7EC64C221B2DB17D001B2CBE /* Model */,
				7E2ECF5D1B3357AC004F2033 /* Helpers */,
				7E115F151B2CECD4002F443A /* Supporting Files */,
			);
			path = BodyTrack;
			sourceTree = "<group>";
		};
		7E115F151B2CECD4002F443A /* Supporting Files */ = {
			isa = PBXGroup;
			children = (
				7E115F211B2CECD4002F443A /* Images.xcassets */,
				7E115F161B2CECD4002F443A /* Info.plist */,
			);
			name = "Supporting Files";
			sourceTree = "<group>";
		};
		7E115F2D1B2CECD4002F443A /* BodyTrackTests */ = {
			isa = PBXGroup;
			children = (
				7E115F301B2CECD4002F443A /* BodyTrackTests.swift */,
				7E115F2E1B2CECD4002F443A /* Supporting Files */,
			);
			path = BodyTrackTests;
			sourceTree = "<group>";
		};
		7E115F2E1B2CECD4002F443A /* Supporting Files */ = {
			isa = PBXGroup;
			children = (
				7E115F2F1B2CECD4002F443A /* Info.plist */,
			);
			name = "Supporting Files";
			sourceTree = "<group>";
		};
		7E2ECF5D1B3357AC004F2033 /* Helpers */ = {
			isa = PBXGroup;
			children = (
				7E2ECF5E1B3357DC004F2033 /* ImagePickerControllerHelper.swift */,
				7E2ECF601B335CE1004F2033 /* ProgressPointCollectionViewHelper.swift */,
				88DF6C051B345D2400E07033 /* ProgressPointHelper.swift */,
				88DF6C071B347BEB00E07033 /* UIColor-helper.swift */,
				88BAA97C1B46D54D00368C34 /* UIImage-helper.swift */,
				88110DDA1B4FCBC600B66002 /* NotificationFactory.swift */,
				88110DE81B4FDDBC00B66002 /* ProgressCollectionHelper.swift */,
			);
			name = Helpers;
			sourceTree = "<group>";
		};
		7EC64C221B2DB17D001B2CBE /* Model */ = {
			isa = PBXGroup;
			children = (
				88110DE51B4FCEC200B66002 /* ProgressCollection.h */,
				88110DE61B4FCEC200B66002 /* ProgressCollection.m */,
				88110DE21B4FCEC200B66002 /* ProgressPoint.h */,
				88110DE31B4FCEC200B66002 /* ProgressPoint.m */,
				7E115F191B2CECD4002F443A /* BodyTrack.xcdatamodeld */,
			);
			name = Model;
			sourceTree = "<group>";
		};
		7EC64C231B2DB183001B2CBE /* View */ = {
			isa = PBXGroup;
			children = (
				7E115F3A1B2CECE6002F443A /* Main.storyboard */,
				7E115F231B2CECD4002F443A /* LaunchScreen.xib */,
				7E2ECF621B33637B004F2033 /* ProgressPointCollectionViewCell.swift */,
			);
			name = View;
			sourceTree = "<group>";
		};
		7EC64C241B2DB18E001B2CBE /* Controller */ = {
			isa = PBXGroup;
			children = (
				88F170B51B45455900C89671 /* TopBottomCompareViewController.swift */,
				7EC64C251B2DB1DA001B2CBE /* MenuTableViewController.swift */,
				7EC64C271B2DB9D3001B2CBE /* PhotoSelectionCollectionViewController.swift */,
				88DF6BFC1B3441A000E07033 /* ProgressPointDetailTableViewController.swift */,
				7EDA17CB1B37292E00BA915D /* DatePickerViewController.swift */,
				8877E9511B3C10DF000E9054 /* EditProgressCollectionViewController.swift */,
				88111E891B3DA3D800C8B45E /* CompareOverlayViewController.swift */,
				88F170B31B45410900C89671 /* CompareTabViewController.swift */,
			);
			name = Controller;
			sourceTree = "<group>";
		};
		C963F9DC98A3BC9686E5CEF0 /* Frameworks */ = {
			isa = PBXGroup;
			children = (
				44119826BA0C336DA7D406DF /* libPods-BodyTrack.a */,
				6275E2E04AB122A326948C70 /* libPods-BodyTrackTests.a */,
			);
			name = Frameworks;
			sourceTree = "<group>";
		};
/* End PBXGroup section */

/* Begin PBXNativeTarget section */
		7E115F111B2CECD4002F443A /* BodyTrack */ = {
			isa = PBXNativeTarget;
			buildConfigurationList = 7E115F341B2CECD4002F443A /* Build configuration list for PBXNativeTarget "BodyTrack" */;
			buildPhases = (
				9F447DF08DC8DA424C83E0F2 /* [CP] Check Pods Manifest.lock */,
				7E115F0E1B2CECD4002F443A /* Sources */,
				7E115F0F1B2CECD4002F443A /* Frameworks */,
				7E115F101B2CECD4002F443A /* Resources */,
				C50D48773B9E9D0730D02825 /* [CP] Embed Pods Frameworks */,
				CF1A11FBD54C4F06E327A008 /* [CP] Copy Pods Resources */,
			);
			buildRules = (
			);
			dependencies = (
			);
			name = BodyTrack;
			productName = BodyTrack;
			productReference = 7E115F121B2CECD4002F443A /* BodyTrack.app */;
			productType = "com.apple.product-type.application";
		};
		7E115F291B2CECD4002F443A /* BodyTrackTests */ = {
			isa = PBXNativeTarget;
			buildConfigurationList = 7E115F371B2CECD4002F443A /* Build configuration list for PBXNativeTarget "BodyTrackTests" */;
			buildPhases = (
				2905617D006F3A8FE1A89119 /* [CP] Check Pods Manifest.lock */,
				7E115F261B2CECD4002F443A /* Sources */,
				7E115F271B2CECD4002F443A /* Frameworks */,
				7E115F281B2CECD4002F443A /* Resources */,
				DC2AFB7E3925777AF7632EDC /* [CP] Embed Pods Frameworks */,
				5C2292DB6C3358FE86C29D87 /* [CP] Copy Pods Resources */,
			);
			buildRules = (
			);
			dependencies = (
				7E115F2C1B2CECD4002F443A /* PBXTargetDependency */,
			);
			name = BodyTrackTests;
			productName = BodyTrackTests;
			productReference = 7E115F2A1B2CECD4002F443A /* BodyTrackTests.xctest */;
			productType = "com.apple.product-type.bundle.unit-test";
		};
/* End PBXNativeTarget section */

/* Begin PBXProject section */
		7E115F0A1B2CECD4002F443A /* Project object */ = {
			isa = PBXProject;
			attributes = {
				LastUpgradeCheck = 0820;
				ORGANIZATIONNAME = "Tom Sugarex";
				TargetAttributes = {
					7E115F111B2CECD4002F443A = {
						CreatedOnToolsVersion = 6.1.1;
						LastSwiftMigration = 0820;
					};
					7E115F291B2CECD4002F443A = {
						CreatedOnToolsVersion = 6.1.1;
						LastSwiftMigration = 0820;
						TestTargetID = 7E115F111B2CECD4002F443A;
					};
				};
			};
			buildConfigurationList = 7E115F0D1B2CECD4002F443A /* Build configuration list for PBXProject "BodyTrack" */;
			compatibilityVersion = "Xcode 3.2";
			developmentRegion = English;
			hasScannedForEncodings = 0;
			knownRegions = (
				en,
				Base,
			);
			mainGroup = 7E115F091B2CECD4002F443A;
			productRefGroup = 7E115F131B2CECD4002F443A /* Products */;
			projectDirPath = "";
			projectRoot = "";
			targets = (
				7E115F111B2CECD4002F443A /* BodyTrack */,
				7E115F291B2CECD4002F443A /* BodyTrackTests */,
			);
		};
/* End PBXProject section */

/* Begin PBXResourcesBuildPhase section */
		7E115F101B2CECD4002F443A /* Resources */ = {
			isa = PBXResourcesBuildPhase;
			buildActionMask = 2147483647;
			files = (
				7E115F3B1B2CECE6002F443A /* Main.storyboard in Resources */,
				7E115F251B2CECD4002F443A /* LaunchScreen.xib in Resources */,
				7E115F221B2CECD4002F443A /* Images.xcassets in Resources */,
			);
			runOnlyForDeploymentPostprocessing = 0;
		};
		7E115F281B2CECD4002F443A /* Resources */ = {
			isa = PBXResourcesBuildPhase;
			buildActionMask = 2147483647;
			files = (
			);
			runOnlyForDeploymentPostprocessing = 0;
		};
/* End PBXResourcesBuildPhase section */

/* Begin PBXShellScriptBuildPhase section */
		2905617D006F3A8FE1A89119 /* [CP] Check Pods Manifest.lock */ = {
			isa = PBXShellScriptBuildPhase;
			buildActionMask = 2147483647;
			files = (
			);
			inputPaths = (
			);
			name = "[CP] Check Pods Manifest.lock";
			outputPaths = (
			);
			runOnlyForDeploymentPostprocessing = 0;
			shellPath = /bin/sh;
			shellScript = "diff \"${PODS_ROOT}/../Podfile.lock\" \"${PODS_ROOT}/Manifest.lock\" > /dev/null\nif [ $? != 0 ] ; then\n    # print error to STDERR\n    echo \"error: The sandbox is not in sync with the Podfile.lock. Run 'pod install' or update your CocoaPods installation.\" >&2\n    exit 1\nfi\n";
			showEnvVarsInLog = 0;
		};
		5C2292DB6C3358FE86C29D87 /* [CP] Copy Pods Resources */ = {
			isa = PBXShellScriptBuildPhase;
			buildActionMask = 2147483647;
			files = (
			);
			inputPaths = (
			);
			name = "[CP] Copy Pods Resources";
			outputPaths = (
			);
			runOnlyForDeploymentPostprocessing = 0;
			shellPath = /bin/sh;
			shellScript = "\"${SRCROOT}/Pods/Target Support Files/Pods-BodyTrackTests/Pods-BodyTrackTests-resources.sh\"\n";
			showEnvVarsInLog = 0;
		};
		9F447DF08DC8DA424C83E0F2 /* [CP] Check Pods Manifest.lock */ = {
			isa = PBXShellScriptBuildPhase;
			buildActionMask = 2147483647;
			files = (
			);
			inputPaths = (
			);
			name = "[CP] Check Pods Manifest.lock";
			outputPaths = (
			);
			runOnlyForDeploymentPostprocessing = 0;
			shellPath = /bin/sh;
			shellScript = "diff \"${PODS_ROOT}/../Podfile.lock\" \"${PODS_ROOT}/Manifest.lock\" > /dev/null\nif [ $? != 0 ] ; then\n    # print error to STDERR\n    echo \"error: The sandbox is not in sync with the Podfile.lock. Run 'pod install' or update your CocoaPods installation.\" >&2\n    exit 1\nfi\n";
			showEnvVarsInLog = 0;
		};
		C50D48773B9E9D0730D02825 /* [CP] Embed Pods Frameworks */ = {
			isa = PBXShellScriptBuildPhase;
			buildActionMask = 2147483647;
			files = (
			);
			inputPaths = (
			);
			name = "[CP] Embed Pods Frameworks";
			outputPaths = (
			);
			runOnlyForDeploymentPostprocessing = 0;
			shellPath = /bin/sh;
			shellScript = "\"${SRCROOT}/Pods/Target Support Files/Pods-BodyTrack/Pods-BodyTrack-frameworks.sh\"\n";
			showEnvVarsInLog = 0;
		};
		CF1A11FBD54C4F06E327A008 /* [CP] Copy Pods Resources */ = {
			isa = PBXShellScriptBuildPhase;
			buildActionMask = 2147483647;
			files = (
			);
			inputPaths = (
			);
			name = "[CP] Copy Pods Resources";
			outputPaths = (
			);
			runOnlyForDeploymentPostprocessing = 0;
			shellPath = /bin/sh;
			shellScript = "\"${SRCROOT}/Pods/Target Support Files/Pods-BodyTrack/Pods-BodyTrack-resources.sh\"\n";
			showEnvVarsInLog = 0;
		};
		DC2AFB7E3925777AF7632EDC /* [CP] Embed Pods Frameworks */ = {
			isa = PBXShellScriptBuildPhase;
			buildActionMask = 2147483647;
			files = (
			);
			inputPaths = (
			);
			name = "[CP] Embed Pods Frameworks";
			outputPaths = (
			);
			runOnlyForDeploymentPostprocessing = 0;
			shellPath = /bin/sh;
			shellScript = "\"${SRCROOT}/Pods/Target Support Files/Pods-BodyTrackTests/Pods-BodyTrackTests-frameworks.sh\"\n";
			showEnvVarsInLog = 0;
		};
/* End PBXShellScriptBuildPhase section */

/* Begin PBXSourcesBuildPhase section */
		7E115F0E1B2CECD4002F443A /* Sources */ = {
			isa = PBXSourcesBuildPhase;
			buildActionMask = 2147483647;
			files = (
				88111E8A1B3DA3D800C8B45E /* CompareOverlayViewController.swift in Sources */,
				88F170B61B45455900C89671 /* TopBottomCompareViewController.swift in Sources */,
				88110DDB1B4FCBC600B66002 /* NotificationFactory.swift in Sources */,
				88110DE41B4FCEC200B66002 /* ProgressPoint.m in Sources */,
				7E2ECF631B33637B004F2033 /* ProgressPointCollectionViewCell.swift in Sources */,
				8877E9521B3C10DF000E9054 /* EditProgressCollectionViewController.swift in Sources */,
				7EDA17CC1B37292E00BA915D /* DatePickerViewController.swift in Sources */,
				7EC64C261B2DB1DA001B2CBE /* MenuTableViewController.swift in Sources */,
				88F170B41B45410900C89671 /* CompareTabViewController.swift in Sources */,
				88110DE71B4FCEC200B66002 /* ProgressCollection.m in Sources */,
				88110DE91B4FDDBC00B66002 /* ProgressCollectionHelper.swift in Sources */,
				7E2ECF5F1B3357DC004F2033 /* ImagePickerControllerHelper.swift in Sources */,
				88BAA97D1B46D54D00368C34 /* UIImage-helper.swift in Sources */,
				88DF6BFD1B3441A000E07033 /* ProgressPointDetailTableViewController.swift in Sources */,
				88DF6C081B347BEB00E07033 /* UIColor-helper.swift in Sources */,
				7E115F181B2CECD4002F443A /* AppDelegate.swift in Sources */,
				7EC64C281B2DB9D3001B2CBE /* PhotoSelectionCollectionViewController.swift in Sources */,
				7E2ECF611B335CE1004F2033 /* ProgressPointCollectionViewHelper.swift in Sources */,
				7E115F1B1B2CECD4002F443A /* BodyTrack.xcdatamodeld in Sources */,
				88DF6C061B345D2400E07033 /* ProgressPointHelper.swift in Sources */,
			);
			runOnlyForDeploymentPostprocessing = 0;
		};
		7E115F261B2CECD4002F443A /* Sources */ = {
			isa = PBXSourcesBuildPhase;
			buildActionMask = 2147483647;
			files = (
				7E115F311B2CECD4002F443A /* BodyTrackTests.swift in Sources */,
			);
			runOnlyForDeploymentPostprocessing = 0;
		};
/* End PBXSourcesBuildPhase section */

/* Begin PBXTargetDependency section */
		7E115F2C1B2CECD4002F443A /* PBXTargetDependency */ = {
			isa = PBXTargetDependency;
			target = 7E115F111B2CECD4002F443A /* BodyTrack */;
			targetProxy = 7E115F2B1B2CECD4002F443A /* PBXContainerItemProxy */;
		};
/* End PBXTargetDependency section */

/* Begin PBXVariantGroup section */
		7E115F231B2CECD4002F443A /* LaunchScreen.xib */ = {
			isa = PBXVariantGroup;
			children = (
				7E115F241B2CECD4002F443A /* Base */,
			);
			name = LaunchScreen.xib;
			sourceTree = "<group>";
		};
/* End PBXVariantGroup section */

/* Begin XCBuildConfiguration section */
		7E115F321B2CECD4002F443A /* Debug */ = {
			isa = XCBuildConfiguration;
			buildSettings = {
				ALWAYS_SEARCH_USER_PATHS = NO;
				CLANG_CXX_LANGUAGE_STANDARD = "gnu++0x";
				CLANG_CXX_LIBRARY = "libc++";
				CLANG_ENABLE_MODULES = YES;
				CLANG_ENABLE_OBJC_ARC = YES;
				CLANG_WARN_BOOL_CONVERSION = YES;
				CLANG_WARN_CONSTANT_CONVERSION = YES;
				CLANG_WARN_DIRECT_OBJC_ISA_USAGE = YES_ERROR;
				CLANG_WARN_EMPTY_BODY = YES;
				CLANG_WARN_ENUM_CONVERSION = YES;
				CLANG_WARN_INFINITE_RECURSION = YES;
				CLANG_WARN_INT_CONVERSION = YES;
				CLANG_WARN_OBJC_ROOT_CLASS = YES_ERROR;
				CLANG_WARN_SUSPICIOUS_MOVE = YES;
				CLANG_WARN_UNREACHABLE_CODE = YES;
				CLANG_WARN__DUPLICATE_METHOD_MATCH = YES;
				"CODE_SIGN_IDENTITY[sdk=iphoneos*]" = "iPhone Developer";
				COPY_PHASE_STRIP = NO;
				ENABLE_STRICT_OBJC_MSGSEND = YES;
				ENABLE_TESTABILITY = YES;
				GCC_C_LANGUAGE_STANDARD = gnu99;
				GCC_DYNAMIC_NO_PIC = NO;
				GCC_NO_COMMON_BLOCKS = YES;
				GCC_OPTIMIZATION_LEVEL = 0;
				GCC_PREPROCESSOR_DEFINITIONS = (
					"DEBUG=1",
					"$(inherited)",
				);
				GCC_SYMBOLS_PRIVATE_EXTERN = NO;
				GCC_WARN_64_TO_32_BIT_CONVERSION = YES;
				GCC_WARN_ABOUT_RETURN_TYPE = YES_ERROR;
				GCC_WARN_UNDECLARED_SELECTOR = YES;
				GCC_WARN_UNINITIALIZED_AUTOS = YES_AGGRESSIVE;
				GCC_WARN_UNUSED_FUNCTION = YES;
				GCC_WARN_UNUSED_VARIABLE = YES;
				IPHONEOS_DEPLOYMENT_TARGET = 8.1;
				MTL_ENABLE_DEBUG_INFO = YES;
				ONLY_ACTIVE_ARCH = YES;
				SDKROOT = iphoneos;
				SWIFT_OPTIMIZATION_LEVEL = "-Onone";
				TARGETED_DEVICE_FAMILY = "1,2";
			};
			name = Debug;
		};
		7E115F331B2CECD4002F443A /* Release */ = {
			isa = XCBuildConfiguration;
			buildSettings = {
				ALWAYS_SEARCH_USER_PATHS = NO;
				CLANG_CXX_LANGUAGE_STANDARD = "gnu++0x";
				CLANG_CXX_LIBRARY = "libc++";
				CLANG_ENABLE_MODULES = YES;
				CLANG_ENABLE_OBJC_ARC = YES;
				CLANG_WARN_BOOL_CONVERSION = YES;
				CLANG_WARN_CONSTANT_CONVERSION = YES;
				CLANG_WARN_DIRECT_OBJC_ISA_USAGE = YES_ERROR;
				CLANG_WARN_EMPTY_BODY = YES;
				CLANG_WARN_ENUM_CONVERSION = YES;
				CLANG_WARN_INFINITE_RECURSION = YES;
				CLANG_WARN_INT_CONVERSION = YES;
				CLANG_WARN_OBJC_ROOT_CLASS = YES_ERROR;
				CLANG_WARN_SUSPICIOUS_MOVE = YES;
				CLANG_WARN_UNREACHABLE_CODE = YES;
				CLANG_WARN__DUPLICATE_METHOD_MATCH = YES;
				"CODE_SIGN_IDENTITY[sdk=iphoneos*]" = "iPhone Developer";
				COPY_PHASE_STRIP = YES;
				ENABLE_NS_ASSERTIONS = NO;
				ENABLE_STRICT_OBJC_MSGSEND = YES;
				GCC_C_LANGUAGE_STANDARD = gnu99;
				GCC_NO_COMMON_BLOCKS = YES;
				GCC_WARN_64_TO_32_BIT_CONVERSION = YES;
				GCC_WARN_ABOUT_RETURN_TYPE = YES_ERROR;
				GCC_WARN_UNDECLARED_SELECTOR = YES;
				GCC_WARN_UNINITIALIZED_AUTOS = YES_AGGRESSIVE;
				GCC_WARN_UNUSED_FUNCTION = YES;
				GCC_WARN_UNUSED_VARIABLE = YES;
				IPHONEOS_DEPLOYMENT_TARGET = 8.1;
				MTL_ENABLE_DEBUG_INFO = NO;
				SDKROOT = iphoneos;
				SWIFT_OPTIMIZATION_LEVEL = "-Owholemodule";
				TARGETED_DEVICE_FAMILY = "1,2";
				VALIDATE_PRODUCT = YES;
			};
			name = Release;
		};
		7E115F351B2CECD4002F443A /* Debug */ = {
			isa = XCBuildConfiguration;
			baseConfigurationReference = 1078676C70E32C4C7385636B /* Pods-BodyTrack.debug.xcconfig */;
			buildSettings = {
				ASSETCATALOG_COMPILER_APPICON_NAME = AppIcon;
				CLANG_ENABLE_MODULES = YES;
				INFOPLIST_FILE = BodyTrack/Info.plist;
				IPHONEOS_DEPLOYMENT_TARGET = 8.3;
				LD_RUNPATH_SEARCH_PATHS = "$(inherited) @executable_path/Frameworks";
				PRODUCT_BUNDLE_IDENTIFIER = "Sug.$(PRODUCT_NAME:rfc1034identifier)";
				PRODUCT_NAME = "$(TARGET_NAME)";
				SWIFT_OBJC_BRIDGING_HEADER = "BodyTrack/BodyTrack-Bridging-Header.h";
				SWIFT_OPTIMIZATION_LEVEL = "-Onone";
				SWIFT_VERSION = 3.0;
			};
			name = Debug;
		};
		7E115F361B2CECD4002F443A /* Release */ = {
			isa = XCBuildConfiguration;
			baseConfigurationReference = C1C8807263060FEDFC7E5572 /* Pods-BodyTrack.release.xcconfig */;
			buildSettings = {
				ASSETCATALOG_COMPILER_APPICON_NAME = AppIcon;
				CLANG_ENABLE_MODULES = YES;
				INFOPLIST_FILE = BodyTrack/Info.plist;
				IPHONEOS_DEPLOYMENT_TARGET = 8.3;
				LD_RUNPATH_SEARCH_PATHS = "$(inherited) @executable_path/Frameworks";
				PRODUCT_BUNDLE_IDENTIFIER = "Sug.$(PRODUCT_NAME:rfc1034identifier)";
				PRODUCT_NAME = "$(TARGET_NAME)";
				SWIFT_OBJC_BRIDGING_HEADER = "BodyTrack/BodyTrack-Bridging-Header.h";
				SWIFT_VERSION = 3.0;
			};
			name = Release;
		};
		7E115F381B2CECD4002F443A /* Debug */ = {
			isa = XCBuildConfiguration;
			baseConfigurationReference = 3ACB2747C005CE6DA43C41BD /* Pods-BodyTrackTests.debug.xcconfig */;
			buildSettings = {
				BUNDLE_LOADER = "$(TEST_HOST)";
				FRAMEWORK_SEARCH_PATHS = (
					"$(SDKROOT)/Developer/Library/Frameworks",
					"$(inherited)",
				);
				GCC_PREPROCESSOR_DEFINITIONS = (
					"DEBUG=1",
					"$(inherited)",
				);
				INFOPLIST_FILE = BodyTrackTests/Info.plist;
				LD_RUNPATH_SEARCH_PATHS = "$(inherited) @executable_path/Frameworks @loader_path/Frameworks";
				PRODUCT_BUNDLE_IDENTIFIER = "Sug.$(PRODUCT_NAME:rfc1034identifier)";
				PRODUCT_NAME = "$(TARGET_NAME)";
				SWIFT_VERSION = 3.0;
				TEST_HOST = "$(BUILT_PRODUCTS_DIR)/BodyTrack.app/BodyTrack";
			};
			name = Debug;
		};
		7E115F391B2CECD4002F443A /* Release */ = {
			isa = XCBuildConfiguration;
			baseConfigurationReference = 910C333006061E4CA5253E16 /* Pods-BodyTrackTests.release.xcconfig */;
			buildSettings = {
				BUNDLE_LOADER = "$(TEST_HOST)";
				FRAMEWORK_SEARCH_PATHS = (
					"$(SDKROOT)/Developer/Library/Frameworks",
					"$(inherited)",
				);
				INFOPLIST_FILE = BodyTrackTests/Info.plist;
				LD_RUNPATH_SEARCH_PATHS = "$(inherited) @executable_path/Frameworks @loader_path/Frameworks";
				PRODUCT_BUNDLE_IDENTIFIER = "Sug.$(PRODUCT_NAME:rfc1034identifier)";
				PRODUCT_NAME = "$(TARGET_NAME)";
				SWIFT_VERSION = 3.0;
				TEST_HOST = "$(BUILT_PRODUCTS_DIR)/BodyTrack.app/BodyTrack";
			};
			name = Release;
		};
/* End XCBuildConfiguration section */

/* Begin XCConfigurationList section */
		7E115F0D1B2CECD4002F443A /* Build configuration list for PBXProject "BodyTrack" */ = {
			isa = XCConfigurationList;
			buildConfigurations = (
				7E115F321B2CECD4002F443A /* Debug */,
				7E115F331B2CECD4002F443A /* Release */,
			);
			defaultConfigurationIsVisible = 0;
			defaultConfigurationName = Release;
		};
		7E115F341B2CECD4002F443A /* Build configuration list for PBXNativeTarget "BodyTrack" */ = {
			isa = XCConfigurationList;
			buildConfigurations = (
				7E115F351B2CECD4002F443A /* Debug */,
				7E115F361B2CECD4002F443A /* Release */,
			);
			defaultConfigurationIsVisible = 0;
			defaultConfigurationName = Release;
		};
		7E115F371B2CECD4002F443A /* Build configuration list for PBXNativeTarget "BodyTrackTests" */ = {
			isa = XCConfigurationList;
			buildConfigurations = (
				7E115F381B2CECD4002F443A /* Debug */,
				7E115F391B2CECD4002F443A /* Release */,
			);
			defaultConfigurationIsVisible = 0;
			defaultConfigurationName = Release;
		};
/* End XCConfigurationList section */

/* Begin XCVersionGroup section */
		7E115F191B2CECD4002F443A /* BodyTrack.xcdatamodeld */ = {
			isa = XCVersionGroup;
			children = (
				7E115F1A1B2CECD4002F443A /* BodyTrack.xcdatamodel */,
			);
			currentVersion = 7E115F1A1B2CECD4002F443A /* BodyTrack.xcdatamodel */;
			path = BodyTrack.xcdatamodeld;
			sourceTree = "<group>";
			versionGroupType = wrapper.xcdatamodel;
		};
/* End XCVersionGroup section */
	};
	rootObject = 7E115F0A1B2CECD4002F443A /* Project object */;
}
